<?xml version="1.0" encoding="utf-8"?>
<Project ToolsVersion="4.0" xmlns="http://schemas.microsoft.com/developer/msbuild/2003">
  <ItemGroup>
    <Filter Include="源文件">
      <UniqueIdentifier>{4FC737F1-C7A5-4376-A066-2A32D752A2FF}</UniqueIdentifier>
      <Extensions>cpp;c;cc;cxx;c++;cppm;ixx;def;odl;idl;hpj;bat;asm;asmx</Extensions>
    </Filter>
    <Filter Include="资源文件">
      <UniqueIdentifier>{67DA6AB6-F800-4c08-8B7A-83BB121AAD01}</UniqueIdentifier>
      <Extensions>rc;ico;cur;bmp;dlg;rc2;rct;bin;rgs;gif;jpg;jpeg;jpe;resx;tiff;tif;png;wav;mfcribbon-ms</Extensions>
    </Filter>
    <Filter Include="外部头文件">
      <UniqueIdentifier>{93995380-89BD-4b04-88EB-625FBE52EBFB}</UniqueIdentifier>
      <Extensions>h;hh;hpp;hxx;h++;hm;inl;inc;ipp;xsd</Extensions>
    </Filter>
    <Filter Include="头文件">
      <UniqueIdentifier>{cd743a32-db50-4521-9d11-08cfb78b1070}</UniqueIdentifier>
    </Filter>
    <Filter Include="外部源">
      <UniqueIdentifier>{3e8ab87b-03ae-4c4d-b28a-efcc74434d6f}</UniqueIdentifier>
    </Filter>
  </ItemGroup>
  <ItemGroup>
    <ClCompile Include="main.cpp">
      <Filter>源文件</Filter>
    </ClCompile>
    <ClCompile Include="sstvprocessor.cpp">
      <Filter>源文件</Filter>
    </ClCompile>
    <ClCompile Include="include\stb\stb_vorbis.c">
      <Filter>外部源</Filter>
    </ClCompile>
    <ClCompile Include="include\midifile\Binasc.cpp">
      <Filter>外部源</Filter>
    </ClCompile>
    <ClCompile Include="include\midifile\MidiEvent.cpp">
      <Filter>外部源</Filter>
    </ClCompile>
    <ClCompile Include="include\midifile\MidiEventList.cpp">
      <Filter>外部源</Filter>
    </ClCompile>
    <ClCompile Include="include\midifile\MidiFile.cpp">
      <Filter>外部源</Filter>
    </ClCompile>
    <ClCompile Include="include\midifile\MidiMessage.cpp">
      <Filter>外部源</Filter>
    </ClCompile>
    <ClCompile Include="include\midifile\Options.cpp">
      <Filter>外部源</Filter>
    </ClCompile>
  </ItemGroup>
  <ItemGroup>
    <ClInclude Include="include\CLI\App.hpp">
      <Filter>外部头文件</Filter>
    </ClInclude>
    <ClInclude Include="include\CLI\Argv.hpp">
      <Filter>外部头文件</Filter>
    </ClInclude>
    <ClInclude Include="include\CLI\CLI.hpp">
      <Filter>外部头文件</Filter>
    </ClInclude>
    <ClInclude Include="include\CLI\Config.hpp">
      <Filter>外部头文件</Filter>
    </ClInclude>
    <ClInclude Include="include\CLI\ConfigFwd.hpp">
      <Filter>外部头文件</Filter>
    </ClInclude>
    <ClInclude Include="include\CLI\Encoding.hpp">
      <Filter>外部头文件</Filter>
    </ClInclude>
    <ClInclude Include="include\CLI\Error.hpp">
      <Filter>外部头文件</Filter>
    </ClInclude>
    <ClInclude Include="include\CLI\ExtraValidators.hpp">
      <Filter>外部头文件</Filter>
    </ClInclude>
    <ClInclude Include="include\CLI\Formatter.hpp">
      <Filter>外部头文件</Filter>
    </ClInclude>
    <ClInclude Include="include\CLI\FormatterFwd.hpp">
      <Filter>外部头文件</Filter>
    </ClInclude>
    <ClInclude Include="include\CLI\impl\App_inl.hpp">
      <Filter>外部头文件</Filter>
    </ClInclude>
    <ClInclude Include="include\CLI\impl\Argv_inl.hpp">
      <Filter>外部头文件</Filter>
    </ClInclude>
    <ClInclude Include="include\CLI\impl\Config_inl.hpp">
      <Filter>外部头文件</Filter>
    </ClInclude>
    <ClInclude Include="include\CLI\impl\Encoding_inl.hpp">
      <Filter>外部头文件</Filter>
    </ClInclude>
    <ClInclude Include="include\CLI\impl\ExtraValidators_inl.hpp">
      <Filter>外部头文件</Filter>
    </ClInclude>
    <ClInclude Include="include\CLI\impl\Formatter_inl.hpp">
      <Filter>外部头文件</Filter>
    </ClInclude>
    <ClInclude Include="include\CLI\impl\Option_inl.hpp">
      <Filter>外部头文件</Filter>
    </ClInclude>
    <ClInclude Include="include\CLI\impl\Split_inl.hpp">
      <Filter>外部头文件</Filter>
    </ClInclude>
    <ClInclude Include="include\CLI\impl\StringTools_inl.hpp">
      <Filter>外部头文件</Filter>
    </ClInclude>
    <ClInclude Include="include\CLI\impl\Validators_inl.hpp">
      <Filter>外部头文件</Filter>
    </ClInclude>
    <ClInclude Include="include\CLI\Macros.hpp">
      <Filter>外部头文件</Filter>
    </ClInclude>
    <ClInclude Include="include\CLI\Option.hpp">
      <Filter>外部头文件</Filter>
    </ClInclude>
    <ClInclude Include="include\CLI\Split.hpp">
      <Filter>外部头文件</Filter>
    </ClInclude>
    <ClInclude Include="include\CLI\StringTools.hpp">
      <Filter>外部头文件</Filter>
    </ClInclude>
    <ClInclude Include="include\CLI\Timer.hpp">
      <Filter>外部头文件</Filter>
    </ClInclude>
    <ClInclude Include="include\CLI\TypeTools.hpp">
      <Filter>外部头文件</Filter>
    </ClInclude>
    <ClInclude Include="include\CLI\Validators.hpp">
      <Filter>外部头文件</Filter>
    </ClInclude>
    <ClInclude Include="include\CLI\Version.hpp">
      <Filter>外部头文件</Filter>
    </ClInclude>
    <ClInclude Include="include\midifile\Binasc.h">
      <Filter>外部头文件</Filter>
    </ClInclude>
    <ClInclude Include="include\midifile\MidiEvent.h">
      <Filter>外部头文件</Filter>
    </ClInclude>
    <ClInclude Include="include\midifile\MidiEventList.h">
      <Filter>外部头文件</Filter>
    </ClInclude>
    <ClInclude Include="include\midifile\MidiFile.h">
      <Filter>外部头文件</Filter>
    </ClInclude>
    <ClInclude Include="include\midifile\MidiMessage.h">
      <Filter>外部头文件</Filter>
    </ClInclude>
    <ClInclude Include="include\midifile\Options.h">
      <Filter>外部头文件</Filter>
    </ClInclude>
    <ClInclude Include="include\stb\stb_connected_components.h">
      <Filter>外部头文件</Filter>
    </ClInclude>
    <ClInclude Include="include\stb\stb_c_lexer.h">
      <Filter>外部头文件</Filter>
    </ClInclude>
    <ClInclude Include="include\stb\stb_divide.h">
      <Filter>外部头文件</Filter>
    </ClInclude>
    <ClInclude Include="include\stb\stb_ds.h">
      <Filter>外部头文件</Filter>
    </ClInclude>
    <ClInclude Include="include\stb\stb_dxt.h">
      <Filter>外部头文件</Filter>
    </ClInclude>
    <ClInclude Include="include\stb\stb_easy_font.h">
      <Filter>外部头文件</Filter>
    </ClInclude>
    <ClInclude Include="include\stb\stb_herringbone_wang_tile.h">
      <Filter>外部头文件</Filter>
    </ClInclude>
    <ClInclude Include="include\stb\stb_hexwave.h">
      <Filter>外部头文件</Filter>
    </ClInclude>
    <ClInclude Include="include\stb\stb_image.h">
      <Filter>外部头文件</Filter>
    </ClInclude>
    <ClInclude Include="include\stb\stb_image_resize2.h">
      <Filter>外部头文件</Filter>
    </ClInclude>
    <ClInclude Include="include\stb\stb_image_write.h">
      <Filter>外部头文件</Filter>
    </ClInclude>
    <ClInclude Include="include\stb\stb_include.h">
      <Filter>外部头文件</Filter>
    </ClInclude>
    <ClInclude Include="include\stb\stb_leakcheck.h">
      <Filter>外部头文件</Filter>
    </ClInclude>
    <ClInclude Include="include\stb\stb_perlin.h">
      <Filter>外部头文件</Filter>
    </ClInclude>
    <ClInclude Include="include\stb\stb_rect_pack.h">
      <Filter>外部头文件</Filter>
    </ClInclude>
    <ClInclude Include="include\stb\stb_sprintf.h">
      <Filter>外部头文件</Filter>
    </ClInclude>
    <ClInclude Include="include\stb\stb_textedit.h">
      <Filter>外部头文件</Filter>
    </ClInclude>
    <ClInclude Include="include\stb\stb_tilemap_editor.h">
      <Filter>外部头文件</Filter>
    </ClInclude>
    <ClInclude Include="include\stb\stb_truetype.h">
      <Filter>外部头文件</Filter>
    </ClInclude>
    <ClInclude Include="include\stb\stb_voxel_render.h">
      <Filter>外部头文件</Filter>
    </ClInclude>
    <ClInclude Include="sstvprocessor.hpp">
      <Filter>头文件</Filter>
    </ClInclude>
    <ClInclude Include="langs.hpp">
      <Filter>头文件</Filter>
    </ClInclude>
  </ItemGroup>
</Project>